
Microsoft Visual Studio Solution File, Format Version 12.00
# Visual Studio 15
VisualStudioVersion = 15.0.28307.757
MinimumVisualStudioVersion = 10.0.40219.1
Project("{9A19103F-16F7-4668-BE54-9A1E7A4F7556}") = "ASPNETCoreHowToCreateDrillDownReports", "ASPNETCoreHowToCreateDrillDownReports.csproj", "{DCAC585A-EC8F-4353-B67E-5324A657AFA9}"
EndProject
Global
	GlobalSection(SolutionConfigurationPlatforms) = preSolution
		Debug|Any CPU = Debug|Any CPU
		Release|Any CPU = Release|Any CPU
	EndGlobalSection
	GlobalSection(ProjectConfigurationPlatforms) = postSolution
		{DCAC585A-EC8F-4353-B67E-5324A657AFA9}.Debug|Any CPU.ActiveCfg = Debug|Any CPU
		{DCAC585A-EC8F-4353-B67E-5324A657AFA9}.Debug|Any CPU.Build.0 = Debug|Any CPU
		{DCAC585A-EC8F-4353-B67E-5324A657AFA9}.Release|Any CPU.ActiveCfg = Release|Any CPU
		{DCAC585A-EC8F-4353-B67E-5324A657AFA9}.Release|Any CPU.Build.0 = Release|Any CPU
		EndGlobalSection
	GlobalSection(SolutionProperties) = preSolution
		HideSolutionNode = FALSE
	EndGlobalSection
	GlobalSection(ExtensibilityGlobals) = postSolution
		SolutionGuid = {C8354834-7C95-4C75-8FEF-CEE5D2FEA99C}
	EndGlobalSection
EndGlobal
